
Microsoft Visual Studio Solution File, Format Version 12.00
# Visual Studio 15
VisualStudioVersion = 15.0.28010.2046
MinimumVisualStudioVersion = 10.0.40219.1
Project("{8BC9CEB8-8B4A-11D0-8D11-00A0C91BC942}") = "exercise14", "exercise14\exercise14.vcxproj", "{CE755666-2FE0-4A74-B5FC-DCDCFB8BD8EB}"
EndProject
Global
	GlobalSection(SolutionConfigurationPlatforms) = preSolution
		Debug|x64 = Debug|x64
		Debug|x86 = Debug|x86
		Release|x64 = Release|x64
		Release|x86 = Release|x86
	EndGlobalSection
	GlobalSection(ProjectConfigurationPlatforms) = postSolution
		{CE755666-2FE0-4A74-B5FC-DCDCFB8BD8EB}.Debug|x64.ActiveCfg = Debug|x64
		{CE755666-2FE0-4A74-B5FC-DCDCFB8BD8EB}.Debug|x64.Build.0 = Debug|x64
		{CE755666-2FE0-4A74-B5FC-DCDCFB8BD8EB}.Debug|x86.ActiveCfg = Debug|Win32
		{CE755666-2FE0-4A74-B5FC-DCDCFB8BD8EB}.Debug|x86.Build.0 = Debug|Win32
		{CE755666-2FE0-4A74-B5FC-DCDCFB8BD8EB}.Release|x64.ActiveCfg = Release|x64
		{CE755666-2FE0-4A74-B5FC-DCDCFB8BD8EB}.Release|x64.Build.0 = Release|x64
		{CE755666-2FE0-4A74-B5FC-DCDCFB8BD8EB}.Release|x86.ActiveCfg = Release|Win32
		{CE755666-2FE0-4A74-B5FC-DCDCFB8BD8EB}.Release|x86.Build.0 = Release|Win32
	EndGlobalSection
	GlobalSection(SolutionProperties) = preSolution
		HideSolutionNode = FALSE
	EndGlobalSection
	GlobalSection(ExtensibilityGlobals) = postSolution
		SolutionGuid = {8B0A3C71-182E-4E5E-AC82-BAB7CCC9C1BF}
	EndGlobalSection
EndGlobal
